// !$*UTF8*$!
{
	archiveVersion = 1;
	classes = {
	};
	objectVersion = 77;
	objects = {

/* Begin PBXBuildFile section */
		8B0B9DEF2F65BDE800B41AE7 /* UserProfile.swift in Sources */ = {isa = PBXBuildFile; fileRef = 8B0B9DEE2F65BDE800B41AE7 /* UserProfile.swift */; };
		8B0B9DF12F65BE1000B41AE7 /* NutritionGoal.swift in Sources */ = {isa = PBXBuildFile; fileRef = 8B0B9DF02F65BE1000B41AE7 /* NutritionGoal.swift */; };
		8B0B9DF32F65BE4200B41AE7 /* GoalCalculator.swift in Sources */ = {isa = PBXBuildFile; fileRef = 8B0B9DF22F65BE4200B41AE7 /* GoalCalculator.swift */; };
		8B0B9DF52F65C03D00B41AE7 /* AppState.swift in Sources */ = {isa = PBXBuildFile; fileRef = 8B0B9DF42F65C03D00B41AE7 /* AppState.swift */; };
		8B0B9DF72F65C09700B41AE7 /* RootView.swift in Sources */ = {isa = PBXBuildFile; fileRef = 8B0B9DF62F65C09700B41AE7 /* RootView.swift */; };
		8B0B9DF92F65C0DC00B41AE7 /* OnboardingViewModel.swift in Sources */ = {isa = PBXBuildFile; fileRef = 8B0B9DF82F65C0DC00B41AE7 /* OnboardingViewModel.swift */; };
		8B0B9DFB2F65C1C700B41AE7 /* OnboardingView.swift in Sources */ = {isa = PBXBuildFile; fileRef = 8B0B9DFA2F65C1C700B41AE7 /* OnboardingView.swift */; };
		8B0B9DFD2F65CA7600B41AE7 /* MealType.swift in Sources */ = {isa = PBXBuildFile; fileRef = 8B0B9DFC2F65CA7600B41AE7 /* MealType.swift */; };
		8B0B9DFF2F65CA9A00B41AE7 /* PlannedMeal.swift in Sources */ = {isa = PBXBuildFile; fileRef = 8B0B9DFE2F65CA9A00B41AE7 /* PlannedMeal.swift */; };
		8B0B9E012F65CAC000B41AE7 /* DayPlan.swift in Sources */ = {isa = PBXBuildFile; fileRef = 8B0B9E002F65CAC000B41AE7 /* DayPlan.swift */; };
		8B0B9E032F65CAD900B41AE7 /* MealPlanBuilder.swift in Sources */ = {isa = PBXBuildFile; fileRef = 8B0B9E022F65CAD900B41AE7 /* MealPlanBuilder.swift */; };
		8B0B9E052F65D4B600B41AE7 /* ConsumedFoodEntry.swift in Sources */ = {isa = PBXBuildFile; fileRef = 8B0B9E042F65D4B600B41AE7 /* ConsumedFoodEntry.swift */; };
		8B0B9E072F65D4E000B41AE7 /* DiaryDay.swift in Sources */ = {isa = PBXBuildFile; fileRef = 8B0B9E062F65D4E000B41AE7 /* DiaryDay.swift */; };
		8B0B9E092F65D5DA00B41AE7 /* DiaryView.swift in Sources */ = {isa = PBXBuildFile; fileRef = 8B0B9E082F65D5DA00B41AE7 /* DiaryView.swift */; };
		8B0B9E0D2F65DFD000B41AE7 /* PlanComparison.swift in Sources */ = {isa = PBXBuildFile; fileRef = 8B0B9E0C2F65DFD000B41AE7 /* PlanComparison.swift */; };
		8B0B9E0F2F65DFFC00B41AE7 /* PlanComparisonService.swift in Sources */ = {isa = PBXBuildFile; fileRef = 8B0B9E0E2F65DFFC00B41AE7 /* PlanComparisonService.swift */; };
		8B0B9E122F65E0FC00B41AE7 /* PlanComparisonView.swift in Sources */ = {isa = PBXBuildFile; fileRef = 8B0B9E112F65E0FC00B41AE7 /* PlanComparisonView.swift */; };
		8B0B9E142F65FB0D00B41AE7 /* PlanAdjustment.swift in Sources */ = {isa = PBXBuildFile; fileRef = 8B0B9E132F65FB0D00B41AE7 /* PlanAdjustment.swift */; };
		8B0B9E162F65FB9C00B41AE7 /* PlanAdjuster.swift in Sources */ = {isa = PBXBuildFile; fileRef = 8B0B9E152F65FB9C00B41AE7 /* PlanAdjuster.swift */; };
		8B0B9E182F66053A00B41AE7 /* NutrientFocus.swift in Sources */ = {isa = PBXBuildFile; fileRef = 8B0B9E172F66053A00B41AE7 /* NutrientFocus.swift */; };
		8B0B9E1A2F82ABA900B41AE7 /* MainTabView.swift in Sources */ = {isa = PBXBuildFile; fileRef = 8B0B9E192F82ABA900B41AE7 /* MainTabView.swift */; };
		8B0B9E1D2F82AC2500B41AE7 /* TodayView.swift in Sources */ = {isa = PBXBuildFile; fileRef = 8B0B9E1C2F82AC2500B41AE7 /* TodayView.swift */; };
		8B0B9E1F2F82AC5800B41AE7 /* PlanView.swift in Sources */ = {isa = PBXBuildFile; fileRef = 8B0B9E1E2F82AC5800B41AE7 /* PlanView.swift */; };
		8B0B9E222F82AD4400B41AE7 /* ProfileView.swift in Sources */ = {isa = PBXBuildFile; fileRef = 8B0B9E212F82AD4400B41AE7 /* ProfileView.swift */; };
		8B0B9E262F82B03C00B41AE7 /* AppCard.swift in Sources */ = {isa = PBXBuildFile; fileRef = 8B0B9E252F82B03C00B41AE7 /* AppCard.swift */; };
		8B0B9E282F82B06000B41AE7 /* InfoValueRow.swift in Sources */ = {isa = PBXBuildFile; fileRef = 8B0B9E272F82B06000B41AE7 /* InfoValueRow.swift */; };
		8B0B9E2A2F82B09A00B41AE7 /* SectionTitleView.swift in Sources */ = {isa = PBXBuildFile; fileRef = 8B0B9E292F82B09A00B41AE7 /* SectionTitleView.swift */; };
		8B0B9E2C2F82B0CF00B41AE7 /* QuickActionTile.swift in Sources */ = {isa = PBXBuildFile; fileRef = 8B0B9E2B2F82B0CF00B41AE7 /* QuickActionTile.swift */; };
		8B0B9E2E2F82B11B00B41AE7 /* StatPill.swift in Sources */ = {isa = PBXBuildFile; fileRef = 8B0B9E2D2F82B11B00B41AE7 /* StatPill.swift */; };
		8B0B9E312F82B60500B41AE7 /* PlanSessionStore.swift in Sources */ = {isa = PBXBuildFile; fileRef = 8B0B9E302F82B60500B41AE7 /* PlanSessionStore.swift */; };
		8B0B9E332F82C3F300B41AE7 /* ShoppingFilter.swift in Sources */ = {isa = PBXBuildFile; fileRef = 8B0B9E322F82C3F300B41AE7 /* ShoppingFilter.swift */; };
		8B0B9E352F82C41600B41AE7 /* ShoppingProgressCard.swift in Sources */ = {isa = PBXBuildFile; fileRef = 8B0B9E342F82C41600B41AE7 /* ShoppingProgressCard.swift */; };
		8B0B9E372F82C49700B41AE7 /* ShoppingItemRow.swift in Sources */ = {isa = PBXBuildFile; fileRef = 8B0B9E362F82C49700B41AE7 /* ShoppingItemRow.swift */; };
		8B0B9E3A2F82C8AB00B41AE7 /* RecipeSummaryGrid.swift in Sources */ = {isa = PBXBuildFile; fileRef = 8B0B9E392F82C8AB00B41AE7 /* RecipeSummaryGrid.swift */; };
		8B0B9E3C2F82C90F00B41AE7 /* RecipeIngredientCard.swift in Sources */ = {isa = PBXBuildFile; fileRef = 8B0B9E3B2F82C90F00B41AE7 /* RecipeIngredientCard.swift */; };
		8B0B9E3E2F82C94B00B41AE7 /* SubstitutionCandidateCard.swift in Sources */ = {isa = PBXBuildFile; fileRef = 8B0B9E3D2F82C94B00B41AE7 /* SubstitutionCandidateCard.swift */; };
		8B0B9E402F82D4E200B41AE7 /* ProgressStrip.swift in Sources */ = {isa = PBXBuildFile; fileRef = 8B0B9E3F2F82D4E200B41AE7 /* ProgressStrip.swift */; };
		8B0B9E432F82D53600B41AE7 /* ComparisonMetricCard.swift in Sources */ = {isa = PBXBuildFile; fileRef = 8B0B9E422F82D53600B41AE7 /* ComparisonMetricCard.swift */; };
		8B0B9E462F82D59400B41AE7 /* DiaryEntryCard.swift in Sources */ = {isa = PBXBuildFile; fileRef = 8B0B9E452F82D59400B41AE7 /* DiaryEntryCard.swift */; };
		8B0B9E482F82E7C800B41AE7 /* PlanViewModel+IngredientPortion.swift in Sources */ = {isa = PBXBuildFile; fileRef = 8B0B9E472F82E7C800B41AE7 /* PlanViewModel+IngredientPortion.swift */; };
		8B0B9E4A2F82E85C00B41AE7 /* IngredientPortionControl.swift in Sources */ = {isa = PBXBuildFile; fileRef = 8B0B9E492F82E85C00B41AE7 /* IngredientPortionControl.swift */; };
		8B0B9E4C2F82F0F300B41AE7 /* RecipeScorer.swift in Sources */ = {isa = PBXBuildFile; fileRef = 8B0B9E4B2F82F0F300B41AE7 /* RecipeScorer.swift */; };
		8B0B9E4E2F82FE9C00B41AE7 /* DayPlanOptimizer.swift in Sources */ = {isa = PBXBuildFile; fileRef = 8B0B9E4D2F82FE9C00B41AE7 /* DayPlanOptimizer.swift */; };
		8B0B9E502F894C9500B41AE7 /* FoodGroupOption.swift in Sources */ = {isa = PBXBuildFile; fileRef = 8B0B9E4F2F894C9500B41AE7 /* FoodGroupOption.swift */; };
		8B0B9E522F894CC400B41AE7 /* BundleJSONLoader.swift in Sources */ = {isa = PBXBuildFile; fileRef = 8B0B9E512F894CC400B41AE7 /* BundleJSONLoader.swift */; };
		8B0B9E5A2F8954C100B41AE7 /* foods.json in Resources */ = {isa = PBXBuildFile; fileRef = 8B0B9E572F8954C100B41AE7 /* foods.json */; };
		8B0B9E5B2F8954C100B41AE7 /* recipes.json in Resources */ = {isa = PBXBuildFile; fileRef = 8B0B9E582F8954C100B41AE7 /* recipes.json */; };
		8B94CA432F54778A000CB887 /* ContentView.swift in Sources */ = {isa = PBXBuildFile; fileRef = 8B94CA402F54778A000CB887 /* ContentView.swift */; };
		8B94CA442F54778A000CB887 /* NutriPlanApp.swift in Sources */ = {isa = PBXBuildFile; fileRef = 8B94CA412F54778A000CB887 /* NutriPlanApp.swift */; };
		8B94CA452F54778A000CB887 /* Assets.xcassets in Resources */ = {isa = PBXBuildFile; fileRef = 8B94CA3F2F54778A000CB887 /* Assets.xcassets */; };
		8B94CA492F547C30000CB887 /* Nutrient.swift in Sources */ = {isa = PBXBuildFile; fileRef = 8B94CA482F547C30000CB887 /* Nutrient.swift */; };
		8B94CA4B2F547C8B000CB887 /* Macros.swift in Sources */ = {isa = PBXBuildFile; fileRef = 8B94CA4A2F547C8B000CB887 /* Macros.swift */; };
		8B94CA4D2F547CB6000CB887 /* Food.swift in Sources */ = {isa = PBXBuildFile; fileRef = 8B94CA4C2F547CB6000CB887 /* Food.swift */; };
		8B94CA4F2F547CDA000CB887 /* Recipe.swift in Sources */ = {isa = PBXBuildFile; fileRef = 8B94CA4E2F547CDA000CB887 /* Recipe.swift */; };
		8B94CA512F547D1E000CB887 /* NutritionCalculator.swift in Sources */ = {isa = PBXBuildFile; fileRef = 8B94CA502F547D1E000CB887 /* NutritionCalculator.swift */; };
		8B94CA552F547DCB000CB887 /* FoodRepository.swift in Sources */ = {isa = PBXBuildFile; fileRef = 8B94CA542F547DCB000CB887 /* FoodRepository.swift */; };
		8B94CA572F547DEE000CB887 /* RecipeRepository.swift in Sources */ = {isa = PBXBuildFile; fileRef = 8B94CA562F547DEE000CB887 /* RecipeRepository.swift */; };
		8B94CA592F547E11000CB887 /* InMemoryFoodRepository.swift in Sources */ = {isa = PBXBuildFile; fileRef = 8B94CA582F547E11000CB887 /* InMemoryFoodRepository.swift */; };
		8B94CA5B2F547E55000CB887 /* InMemoryRecipeRepository.swift in Sources */ = {isa = PBXBuildFile; fileRef = 8B94CA5A2F547E55000CB887 /* InMemoryRecipeRepository.swift */; };
		8B94CA5D2F548308000CB887 /* PlanViewModel.swift in Sources */ = {isa = PBXBuildFile; fileRef = 8B94CA5C2F548308000CB887 /* PlanViewModel.swift */; };
		8B94CA5F2F548720000CB887 /* ShoppingItem.swift in Sources */ = {isa = PBXBuildFile; fileRef = 8B94CA5E2F548720000CB887 /* ShoppingItem.swift */; };
		8B94CA612F548743000CB887 /* ShoppingListBuilder.swift in Sources */ = {isa = PBXBuildFile; fileRef = 8B94CA602F548743000CB887 /* ShoppingListBuilder.swift */; };
		8B94CA632F548778000CB887 /* ShoppingListView.swift in Sources */ = {isa = PBXBuildFile; fileRef = 8B94CA622F548778000CB887 /* ShoppingListView.swift */; };
		8B94CA682F5491D4000CB887 /* SubstitutionEngine.swift in Sources */ = {isa = PBXBuildFile; fileRef = 8B94CA672F5491D4000CB887 /* SubstitutionEngine.swift */; };
		8B94CA6A2F5495B1000CB887 /* SubstitutionPickerView.swift in Sources */ = {isa = PBXBuildFile; fileRef = 8B94CA692F5495B1000CB887 /* SubstitutionPickerView.swift */; };
		8B94CA6C2F5495EB000CB887 /* RecipeDetailView.swift in Sources */ = {isa = PBXBuildFile; fileRef = 8B94CA6B2F5495EB000CB887 /* RecipeDetailView.swift */; };
/* End PBXBuildFile section */

/* Begin PBXFileReference section */
		8B0B9DEE2F65BDE800B41AE7 /* UserProfile.swift */ = {isa = PBXFileReference; lastKnownFileType = sourcecode.swift; path = UserProfile.swift; sourceTree = "<group>"; };
		8B0B9DF02F65BE1000B41AE7 /* NutritionGoal.swift */ = {isa = PBXFileReference; lastKnownFileType = sourcecode.swift; path = NutritionGoal.swift; sourceTree = "<group>"; };
		8B0B9DF22F65BE4200B41AE7 /* GoalCalculator.swift */ = {isa = PBXFileReference; lastKnownFileType = sourcecode.swift; path = GoalCalculator.swift; sourceTree = "<group>"; };
		8B0B9DF42F65C03D00B41AE7 /* AppState.swift */ = {isa = PBXFileReference; lastKnownFileType = sourcecode.swift; path = AppState.swift; sourceTree = "<group>"; };
		8B0B9DF62F65C09700B41AE7 /* RootView.swift */ = {isa = PBXFileReference; lastKnownFileType = sourcecode.swift; path = RootView.swift; sourceTree = "<group>"; };
		8B0B9DF82F65C0DC00B41AE7 /* OnboardingViewModel.swift */ = {isa = PBXFileReference; lastKnownFileType = sourcecode.swift; path = OnboardingViewModel.swift; sourceTree = "<group>"; };
		8B0B9DFA2F65C1C700B41AE7 /* OnboardingView.swift */ = {isa = PBXFileReference; lastKnownFileType = sourcecode.swift; path = OnboardingView.swift; sourceTree = "<group>"; };
		8B0B9DFC2F65CA7600B41AE7 /* MealType.swift */ = {isa = PBXFileReference; lastKnownFileType = sourcecode.swift; path = MealType.swift; sourceTree = "<group>"; };
		8B0B9DFE2F65CA9A00B41AE7 /* PlannedMeal.swift */ = {isa = PBXFileReference; lastKnownFileType = sourcecode.swift; path = PlannedMeal.swift; sourceTree = "<group>"; };
		8B0B9E002F65CAC000B41AE7 /* DayPlan.swift */ = {isa = PBXFileReference; lastKnownFileType = sourcecode.swift; path = DayPlan.swift; sourceTree = "<group>"; };
		8B0B9E022F65CAD900B41AE7 /* MealPlanBuilder.swift */ = {isa = PBXFileReference; lastKnownFileType = sourcecode.swift; path = MealPlanBuilder.swift; sourceTree = "<group>"; };
		8B0B9E042F65D4B600B41AE7 /* ConsumedFoodEntry.swift */ = {isa = PBXFileReference; lastKnownFileType = sourcecode.swift; path = ConsumedFoodEntry.swift; sourceTree = "<group>"; };
		8B0B9E062F65D4E000B41AE7 /* DiaryDay.swift */ = {isa = PBXFileReference; lastKnownFileType = sourcecode.swift; path = DiaryDay.swift; sourceTree = "<group>"; };
		8B0B9E082F65D5DA00B41AE7 /* DiaryView.swift */ = {isa = PBXFileReference; lastKnownFileType = sourcecode.swift; path = DiaryView.swift; sourceTree = "<group>"; };
		8B0B9E0C2F65DFD000B41AE7 /* PlanComparison.swift */ = {isa = PBXFileReference; lastKnownFileType = sourcecode.swift; path = PlanComparison.swift; sourceTree = "<group>"; };
		8B0B9E0E2F65DFFC00B41AE7 /* PlanComparisonService.swift */ = {isa = PBXFileReference; lastKnownFileType = sourcecode.swift; path = PlanComparisonService.swift; sourceTree = "<group>"; };
		8B0B9E112F65E0FC00B41AE7 /* PlanComparisonView.swift */ = {isa = PBXFileReference; lastKnownFileType = sourcecode.swift; path = PlanComparisonView.swift; sourceTree = "<group>"; };
		8B0B9E132F65FB0D00B41AE7 /* PlanAdjustment.swift */ = {isa = PBXFileReference; lastKnownFileType = sourcecode.swift; path = PlanAdjustment.swift; sourceTree = "<group>"; };
		8B0B9E152F65FB9C00B41AE7 /* PlanAdjuster.swift */ = {isa = PBXFileReference; lastKnownFileType = sourcecode.swift; path = PlanAdjuster.swift; sourceTree = "<group>"; };
		8B0B9E172F66053A00B41AE7 /* NutrientFocus.swift */ = {isa = PBXFileReference; lastKnownFileType = sourcecode.swift; path = NutrientFocus.swift; sourceTree = "<group>"; };
		8B0B9E192F82ABA900B41AE7 /* MainTabView.swift */ = {isa = PBXFileReference; lastKnownFileType = sourcecode.swift; path = MainTabView.swift; sourceTree = "<group>"; };
		8B0B9E1C2F82AC2500B41AE7 /* TodayView.swift */ = {isa = PBXFileReference; lastKnownFileType = sourcecode.swift; path = TodayView.swift; sourceTree = "<group>"; };
		8B0B9E1E2F82AC5800B41AE7 /* PlanView.swift */ = {isa = PBXFileReference; lastKnownFileType = sourcecode.swift; path = PlanView.swift; sourceTree = "<group>"; };
		8B0B9E212F82AD4400B41AE7 /* ProfileView.swift */ = {isa = PBXFileReference; lastKnownFileType = sourcecode.swift; path = ProfileView.swift; sourceTree = "<group>"; };
		8B0B9E252F82B03C00B41AE7 /* AppCard.swift */ = {isa = PBXFileReference; lastKnownFileType = sourcecode.swift; path = AppCard.swift; sourceTree = "<group>"; };
		8B0B9E272F82B06000B41AE7 /* InfoValueRow.swift */ = {isa = PBXFileReference; lastKnownFileType = sourcecode.swift; path = InfoValueRow.swift; sourceTree = "<group>"; };
		8B0B9E292F82B09A00B41AE7 /* SectionTitleView.swift */ = {isa = PBXFileReference; lastKnownFileType = sourcecode.swift; path = SectionTitleView.swift; sourceTree = "<group>"; };
		8B0B9E2B2F82B0CF00B41AE7 /* QuickActionTile.swift */ = {isa = PBXFileReference; lastKnownFileType = sourcecode.swift; path = QuickActionTile.swift; sourceTree = "<group>"; };
		8B0B9E2D2F82B11B00B41AE7 /* StatPill.swift */ = {isa = PBXFileReference; lastKnownFileType = sourcecode.swift; path = StatPill.swift; sourceTree = "<group>"; };
		8B0B9E302F82B60500B41AE7 /* PlanSessionStore.swift */ = {isa = PBXFileReference; lastKnownFileType = sourcecode.swift; path = PlanSessionStore.swift; sourceTree = "<group>"; };
		8B0B9E322F82C3F300B41AE7 /* ShoppingFilter.swift */ = {isa = PBXFileReference; lastKnownFileType = sourcecode.swift; path = ShoppingFilter.swift; sourceTree = "<group>"; };
		8B0B9E342F82C41600B41AE7 /* ShoppingProgressCard.swift */ = {isa = PBXFileReference; lastKnownFileType = sourcecode.swift; path = ShoppingProgressCard.swift; sourceTree = "<group>"; };
		8B0B9E362F82C49700B41AE7 /* ShoppingItemRow.swift */ = {isa = PBXFileReference; lastKnownFileType = sourcecode.swift; path = ShoppingItemRow.swift; sourceTree = "<group>"; };
		8B0B9E392F82C8AB00B41AE7 /* RecipeSummaryGrid.swift */ = {isa = PBXFileReference; lastKnownFileType = sourcecode.swift; path = RecipeSummaryGrid.swift; sourceTree = "<group>"; };
		8B0B9E3B2F82C90F00B41AE7 /* RecipeIngredientCard.swift */ = {isa = PBXFileReference; lastKnownFileType = sourcecode.swift; path = RecipeIngredientCard.swift; sourceTree = "<group>"; };
		8B0B9E3D2F82C94B00B41AE7 /* SubstitutionCandidateCard.swift */ = {isa = PBXFileReference; lastKnownFileType = sourcecode.swift; path = SubstitutionCandidateCard.swift; sourceTree = "<group>"; };
		8B0B9E3F2F82D4E200B41AE7 /* ProgressStrip.swift */ = {isa = PBXFileReference; lastKnownFileType = sourcecode.swift; path = ProgressStrip.swift; sourceTree = "<group>"; };
		8B0B9E422F82D53600B41AE7 /* ComparisonMetricCard.swift */ = {isa = PBXFileReference; lastKnownFileType = sourcecode.swift; path = ComparisonMetricCard.swift; sourceTree = "<group>"; };
		8B0B9E452F82D59400B41AE7 /* DiaryEntryCard.swift */ = {isa = PBXFileReference; lastKnownFileType = sourcecode.swift; path = DiaryEntryCard.swift; sourceTree = "<group>"; };
		8B0B9E472F82E7C800B41AE7 /* PlanViewModel+IngredientPortion.swift */ = {isa = PBXFileReference; lastKnownFileType = sourcecode.swift; path = "PlanViewModel+IngredientPortion.swift"; sourceTree = "<group>"; };
		8B0B9E492F82E85C00B41AE7 /* IngredientPortionControl.swift */ = {isa = PBXFileReference; lastKnownFileType = sourcecode.swift; path = IngredientPortionControl.swift; sourceTree = "<group>"; };
		8B0B9E4B2F82F0F300B41AE7 /* RecipeScorer.swift */ = {isa = PBXFileReference; lastKnownFileType = sourcecode.swift; path = RecipeScorer.swift; sourceTree = "<group>"; };
		8B0B9E4D2F82FE9C00B41AE7 /* DayPlanOptimizer.swift */ = {isa = PBXFileReference; lastKnownFileType = sourcecode.swift; path = DayPlanOptimizer.swift; sourceTree = "<group>"; };
		8B0B9E4F2F894C9500B41AE7 /* FoodGroupOption.swift */ = {isa = PBXFileReference; lastKnownFileType = sourcecode.swift; path = FoodGroupOption.swift; sourceTree = "<group>"; };
		8B0B9E512F894CC400B41AE7 /* BundleJSONLoader.swift */ = {isa = PBXFileReference; lastKnownFileType = sourcecode.swift; path = BundleJSONLoader.swift; sourceTree = "<group>"; };
		8B0B9E572F8954C100B41AE7 /* foods.json */ = {isa = PBXFileReference; lastKnownFileType = text.json; path = foods.json; sourceTree = "<group>"; };
		8B0B9E582F8954C100B41AE7 /* recipes.json */ = {isa = PBXFileReference; lastKnownFileType = text.json; path = recipes.json; sourceTree = "<group>"; };
		8B7D9B702F545AD3006A4CFD /* NutriPlan.app */ = {isa = PBXFileReference; explicitFileType = wrapper.application; includeInIndex = 0; path = NutriPlan.app; sourceTree = BUILT_PRODUCTS_DIR; };
		8B94CA3F2F54778A000CB887 /* Assets.xcassets */ = {isa = PBXFileReference; lastKnownFileType = folder.assetcatalog; path = Assets.xcassets; sourceTree = "<group>"; };
		8B94CA402F54778A000CB887 /* ContentView.swift */ = {isa = PBXFileReference; lastKnownFileType = sourcecode.swift; path = ContentView.swift; sourceTree = "<group>"; };
		8B94CA412F54778A000CB887 /* NutriPlanApp.swift */ = {isa = PBXFileReference; lastKnownFileType = sourcecode.swift; path = NutriPlanApp.swift; sourceTree = "<group>"; };
		8B94CA482F547C30000CB887 /* Nutrient.swift */ = {isa = PBXFileReference; lastKnownFileType = sourcecode.swift; path = Nutrient.swift; sourceTree = "<group>"; };
		8B94CA4A2F547C8B000CB887 /* Macros.swift */ = {isa = PBXFileReference; lastKnownFileType = sourcecode.swift; path = Macros.swift; sourceTree = "<group>"; };
		8B94CA4C2F547CB6000CB887 /* Food.swift */ = {isa = PBXFileReference; lastKnownFileType = sourcecode.swift; path = Food.swift; sourceTree = "<group>"; };
		8B94CA4E2F547CDA000CB887 /* Recipe.swift */ = {isa = PBXFileReference; lastKnownFileType = sourcecode.swift; path = Recipe.swift; sourceTree = "<group>"; };
		8B94CA502F547D1E000CB887 /* NutritionCalculator.swift */ = {isa = PBXFileReference; lastKnownFileType = sourcecode.swift; path = NutritionCalculator.swift; sourceTree = "<group>"; };
		8B94CA542F547DCB000CB887 /* FoodRepository.swift */ = {isa = PBXFileReference; lastKnownFileType = sourcecode.swift; path = FoodRepository.swift; sourceTree = "<group>"; };
		8B94CA562F547DEE000CB887 /* RecipeRepository.swift */ = {isa = PBXFileReference; lastKnownFileType = sourcecode.swift; path = RecipeRepository.swift; sourceTree = "<group>"; };
		8B94CA582F547E11000CB887 /* InMemoryFoodRepository.swift */ = {isa = PBXFileReference; lastKnownFileType = sourcecode.swift; path = InMemoryFoodRepository.swift; sourceTree = "<group>"; };
		8B94CA5A2F547E55000CB887 /* InMemoryRecipeRepository.swift */ = {isa = PBXFileReference; lastKnownFileType = sourcecode.swift; path = InMemoryRecipeRepository.swift; sourceTree = "<group>"; };
		8B94CA5C2F548308000CB887 /* PlanViewModel.swift */ = {isa = PBXFileReference; lastKnownFileType = sourcecode.swift; path = PlanViewModel.swift; sourceTree = "<group>"; };
		8B94CA5E2F548720000CB887 /* ShoppingItem.swift */ = {isa = PBXFileReference; lastKnownFileType = sourcecode.swift; path = ShoppingItem.swift; sourceTree = "<group>"; };
		8B94CA602F548743000CB887 /* ShoppingListBuilder.swift */ = {isa = PBXFileReference; lastKnownFileType = sourcecode.swift; path = ShoppingListBuilder.swift; sourceTree = "<group>"; };
		8B94CA622F548778000CB887 /* ShoppingListView.swift */ = {isa = PBXFileReference; lastKnownFileType = sourcecode.swift; path = ShoppingListView.swift; sourceTree = "<group>"; };
		8B94CA672F5491D4000CB887 /* SubstitutionEngine.swift */ = {isa = PBXFileReference; lastKnownFileType = sourcecode.swift; path = SubstitutionEngine.swift; sourceTree = "<group>"; };
		8B94CA692F5495B1000CB887 /* SubstitutionPickerView.swift */ = {isa = PBXFileReference; lastKnownFileType = sourcecode.swift; path = SubstitutionPickerView.swift; sourceTree = "<group>"; };
		8B94CA6B2F5495EB000CB887 /* RecipeDetailView.swift */ = {isa = PBXFileReference; lastKnownFileType = sourcecode.swift; path = RecipeDetailView.swift; sourceTree = "<group>"; };
/* End PBXFileReference section */

/* Begin PBXFrameworksBuildPhase section */
		8B7D9B6D2F545AD3006A4CFD /* Frameworks */ = {
			isa = PBXFrameworksBuildPhase;
			buildActionMask = 2147483647;
			files = (
			);
			runOnlyForDeploymentPostprocessing = 0;
		};
/* End PBXFrameworksBuildPhase section */

/* Begin PBXGroup section */
		8B0B9E102F65E0AC00B41AE7 /* Comparison */ = {
			isa = PBXGroup;
			children = (
				8B0B9E412F82D50400B41AE7 /* Components */,
				8B0B9E112F65E0FC00B41AE7 /* PlanComparisonView.swift */,
			);
			path = Comparison;
			sourceTree = "<group>";
		};
		8B0B9E1B2F82AC0100B41AE7 /* Today */ = {
			isa = PBXGroup;
			children = (
				8B0B9E1C2F82AC2500B41AE7 /* TodayView.swift */,
			);
			path = Today;
			sourceTree = "<group>";
		};
		8B0B9E202F82AD0200B41AE7 /* Profile */ = {
			isa = PBXGroup;
			children = (
				8B0B9E212F82AD4400B41AE7 /* ProfileView.swift */,
			);
			path = Profile;
			sourceTree = "<group>";
		};
		8B0B9E232F82AFF600B41AE7 /* Shared */ = {
			isa = PBXGroup;
			children = (
				8B0B9E242F82B00700B41AE7 /* Components */,
			);
			path = Shared;
			sourceTree = "<group>";
		};
		8B0B9E242F82B00700B41AE7 /* Components */ = {
			isa = PBXGroup;
			children = (
				8B0B9E252F82B03C00B41AE7 /* AppCard.swift */,
				8B0B9E272F82B06000B41AE7 /* InfoValueRow.swift */,
				8B0B9E292F82B09A00B41AE7 /* SectionTitleView.swift */,
				8B0B9E2B2F82B0CF00B41AE7 /* QuickActionTile.swift */,
				8B0B9E2D2F82B11B00B41AE7 /* StatPill.swift */,
				8B0B9E3F2F82D4E200B41AE7 /* ProgressStrip.swift */,
			);
			path = Components;
			sourceTree = "<group>";
		};
		8B0B9E2F2F82B5DE00B41AE7 /* Persistence */ = {
			isa = PBXGroup;
			children = (
				8B0B9E302F82B60500B41AE7 /* PlanSessionStore.swift */,
			);
			path = Persistence;
			sourceTree = "<group>";
		};
		8B0B9E382F82C88000B41AE7 /* Components */ = {
			isa = PBXGroup;
			children = (
				8B0B9E392F82C8AB00B41AE7 /* RecipeSummaryGrid.swift */,
				8B0B9E3B2F82C90F00B41AE7 /* RecipeIngredientCard.swift */,
				8B0B9E492F82E85C00B41AE7 /* IngredientPortionControl.swift */,
			);
			path = Components;
			sourceTree = "<group>";
		};
		8B0B9E412F82D50400B41AE7 /* Components */ = {
			isa = PBXGroup;
			children = (
				8B0B9E422F82D53600B41AE7 /* ComparisonMetricCard.swift */,
			);
			path = Components;
			sourceTree = "<group>";
		};
		8B0B9E442F82D55900B41AE7 /* Components */ = {
			isa = PBXGroup;
			children = (
				8B0B9E452F82D59400B41AE7 /* DiaryEntryCard.swift */,
			);
			path = Components;
			sourceTree = "<group>";
		};
		8B0B9E592F8954C100B41AE7 /* Data */ = {
			isa = PBXGroup;
			children = (
				8B0B9E572F8954C100B41AE7 /* foods.json */,
				8B0B9E582F8954C100B41AE7 /* recipes.json */,
			);
			path = Data;
			sourceTree = "<group>";
		};
		8B7D9B672F545AD3006A4CFD = {
			isa = PBXGroup;
			children = (
				8B94CA422F54778A000CB887 /* NutriPlan */,
				8B7D9B712F545AD3006A4CFD /* Products */,
			);
			sourceTree = "<group>";
		};
		8B7D9B712F545AD3006A4CFD /* Products */ = {
			isa = PBXGroup;
			children = (
				8B7D9B702F545AD3006A4CFD /* NutriPlan.app */,
			);
			name = Products;
			sourceTree = "<group>";
		};
		8B94CA332F54778A000CB887 /* App */ = {
			isa = PBXGroup;
			children = (
				8B94CA412F54778A000CB887 /* NutriPlanApp.swift */,
				8B0B9DF42F65C03D00B41AE7 /* AppState.swift */,
				8B0B9DF62F65C09700B41AE7 /* RootView.swift */,
				8B0B9E192F82ABA900B41AE7 /* MainTabView.swift */,
			);
			path = App;
			sourceTree = "<group>";
		};
		8B94CA342F54778A000CB887 /* Core */ = {
			isa = PBXGroup;
			children = (
			);
			path = Core;
			sourceTree = "<group>";
		};
		8B94CA352F54778A000CB887 /* Data */ = {
			isa = PBXGroup;
			children = (
				8B0B9E2F2F82B5DE00B41AE7 /* Persistence */,
				8B94CA532F547D8B000CB887 /* Local */,
				8B94CA522F547D83000CB887 /* Repositories */,
			);
			path = Data;
			sourceTree = "<group>";
		};
		8B94CA362F54778A000CB887 /* Domain */ = {
			isa = PBXGroup;
			children = (
				8B94CA472F547BCE000CB887 /* Services */,
				8B94CA462F547BBD000CB887 /* Models */,
			);
			path = Domain;
			sourceTree = "<group>";
		};
		8B94CA372F54778A000CB887 /* Diary */ = {
			isa = PBXGroup;
			children = (
				8B0B9E442F82D55900B41AE7 /* Components */,
				8B0B9E082F65D5DA00B41AE7 /* DiaryView.swift */,
			);
			path = Diary;
			sourceTree = "<group>";
		};
		8B94CA382F54778A000CB887 /* Micronutrients */ = {
			isa = PBXGroup;
			children = (
			);
			path = Micronutrients;
			sourceTree = "<group>";
		};
		8B94CA392F54778A000CB887 /* Onboarding */ = {
			isa = PBXGroup;
			children = (
				8B0B9DF82F65C0DC00B41AE7 /* OnboardingViewModel.swift */,
				8B0B9DFA2F65C1C700B41AE7 /* OnboardingView.swift */,
			);
			path = Onboarding;
			sourceTree = "<group>";
		};
		8B94CA3A2F54778A000CB887 /* Plan */ = {
			isa = PBXGroup;
			children = (
				8B0B9E382F82C88000B41AE7 /* Components */,
				8B94CA402F54778A000CB887 /* ContentView.swift */,
				8B94CA5C2F548308000CB887 /* PlanViewModel.swift */,
				8B94CA6B2F5495EB000CB887 /* RecipeDetailView.swift */,
				8B0B9E1E2F82AC5800B41AE7 /* PlanView.swift */,
				8B0B9E472F82E7C800B41AE7 /* PlanViewModel+IngredientPortion.swift */,
			);
			path = Plan;
			sourceTree = "<group>";
		};
		8B94CA3B2F54778A000CB887 /* ShoppingList */ = {
			isa = PBXGroup;
			children = (
				8B94CA622F548778000CB887 /* ShoppingListView.swift */,
				8B0B9E322F82C3F300B41AE7 /* ShoppingFilter.swift */,
				8B0B9E342F82C41600B41AE7 /* ShoppingProgressCard.swift */,
				8B0B9E362F82C49700B41AE7 /* ShoppingItemRow.swift */,
			);
			path = ShoppingList;
			sourceTree = "<group>";
		};
		8B94CA3C2F54778A000CB887 /* Substitutions */ = {
			isa = PBXGroup;
			children = (
				8B94CA692F5495B1000CB887 /* SubstitutionPickerView.swift */,
				8B0B9E3D2F82C94B00B41AE7 /* SubstitutionCandidateCard.swift */,
			);
			path = Substitutions;
			sourceTree = "<group>";
		};
		8B94CA3D2F54778A000CB887 /* Features */ = {
			isa = PBXGroup;
			children = (
				8B0B9E232F82AFF600B41AE7 /* Shared */,
				8B0B9E202F82AD0200B41AE7 /* Profile */,
				8B0B9E1B2F82AC0100B41AE7 /* Today */,
				8B0B9E102F65E0AC00B41AE7 /* Comparison */,
				8B94CA372F54778A000CB887 /* Diary */,
				8B94CA382F54778A000CB887 /* Micronutrients */,
				8B94CA392F54778A000CB887 /* Onboarding */,
				8B94CA3A2F54778A000CB887 /* Plan */,
				8B94CA3B2F54778A000CB887 /* ShoppingList */,
				8B94CA3C2F54778A000CB887 /* Substitutions */,
			);
			path = Features;
			sourceTree = "<group>";
		};
		8B94CA3E2F54778A000CB887 /* Resources */ = {
			isa = PBXGroup;
			children = (
				8B0B9E592F8954C100B41AE7 /* Data */,
			);
			path = Resources;
			sourceTree = "<group>";
		};
		8B94CA422F54778A000CB887 /* NutriPlan */ = {
			isa = PBXGroup;
			children = (
				8B94CA332F54778A000CB887 /* App */,
				8B94CA342F54778A000CB887 /* Core */,
				8B94CA352F54778A000CB887 /* Data */,
				8B94CA362F54778A000CB887 /* Domain */,
				8B94CA3D2F54778A000CB887 /* Features */,
				8B94CA3E2F54778A000CB887 /* Resources */,
				8B94CA3F2F54778A000CB887 /* Assets.xcassets */,
			);
			path = NutriPlan;
			sourceTree = "<group>";
		};
		8B94CA462F547BBD000CB887 /* Models */ = {
			isa = PBXGroup;
			children = (
				8B0B9E4F2F894C9500B41AE7 /* FoodGroupOption.swift */,
				8B94CA482F547C30000CB887 /* Nutrient.swift */,
				8B94CA4A2F547C8B000CB887 /* Macros.swift */,
				8B94CA4C2F547CB6000CB887 /* Food.swift */,
				8B94CA4E2F547CDA000CB887 /* Recipe.swift */,
				8B94CA5E2F548720000CB887 /* ShoppingItem.swift */,
				8B0B9DEE2F65BDE800B41AE7 /* UserProfile.swift */,
				8B0B9DF02F65BE1000B41AE7 /* NutritionGoal.swift */,
				8B0B9DFC2F65CA7600B41AE7 /* MealType.swift */,
				8B0B9DFE2F65CA9A00B41AE7 /* PlannedMeal.swift */,
				8B0B9E002F65CAC000B41AE7 /* DayPlan.swift */,
				8B0B9E042F65D4B600B41AE7 /* ConsumedFoodEntry.swift */,
				8B0B9E062F65D4E000B41AE7 /* DiaryDay.swift */,
				8B0B9E0C2F65DFD000B41AE7 /* PlanComparison.swift */,
				8B0B9E132F65FB0D00B41AE7 /* PlanAdjustment.swift */,
				8B0B9E172F66053A00B41AE7 /* NutrientFocus.swift */,
			);
			path = Models;
			sourceTree = "<group>";
		};
		8B94CA472F547BCE000CB887 /* Services */ = {
			isa = PBXGroup;
			children = (
				8B94CA502F547D1E000CB887 /* NutritionCalculator.swift */,
				8B94CA602F548743000CB887 /* ShoppingListBuilder.swift */,
				8B94CA672F5491D4000CB887 /* SubstitutionEngine.swift */,
				8B0B9DF22F65BE4200B41AE7 /* GoalCalculator.swift */,
				8B0B9E022F65CAD900B41AE7 /* MealPlanBuilder.swift */,
				8B0B9E0E2F65DFFC00B41AE7 /* PlanComparisonService.swift */,
				8B0B9E152F65FB9C00B41AE7 /* PlanAdjuster.swift */,
				8B0B9E4B2F82F0F300B41AE7 /* RecipeScorer.swift */,
				8B0B9E4D2F82FE9C00B41AE7 /* DayPlanOptimizer.swift */,
			);
			path = Services;
			sourceTree = "<group>";
		};
		8B94CA522F547D83000CB887 /* Repositories */ = {
			isa = PBXGroup;
			children = (
				8B94CA542F547DCB000CB887 /* FoodRepository.swift */,
				8B94CA562F547DEE000CB887 /* RecipeRepository.swift */,
			);
			path = Repositories;
			sourceTree = "<group>";
		};
		8B94CA532F547D8B000CB887 /* Local */ = {
			isa = PBXGroup;
			children = (
				8B0B9E512F894CC400B41AE7 /* BundleJSONLoader.swift */,
				8B94CA582F547E11000CB887 /* InMemoryFoodRepository.swift */,
				8B94CA5A2F547E55000CB887 /* InMemoryRecipeRepository.swift */,
			);
			path = Local;
			sourceTree = "<group>";
		};
/* End PBXGroup section */

/* Begin PBXNativeTarget section */
		8B7D9B6F2F545AD3006A4CFD /* NutriPlan */ = {
			isa = PBXNativeTarget;
			buildConfigurationList = 8B7D9B7B2F545AD3006A4CFD /* Build configuration list for PBXNativeTarget "NutriPlan" */;
			buildPhases = (
				8B7D9B6C2F545AD3006A4CFD /* Sources */,
				8B7D9B6D2F545AD3006A4CFD /* Frameworks */,
				8B7D9B6E2F545AD3006A4CFD /* Resources */,
			);
			buildRules = (
			);
			dependencies = (
			);
			name = NutriPlan;
			packageProductDependencies = (
			);
			productName = NutriPlan;
			productReference = 8B7D9B702F545AD3006A4CFD /* NutriPlan.app */;
			productType = "com.apple.product-type.application";
		};
/* End PBXNativeTarget section */

/* Begin PBXProject section */
		8B7D9B682F545AD3006A4CFD /* Project object */ = {
			isa = PBXProject;
			attributes = {
				BuildIndependentTargetsInParallel = 1;
				LastSwiftUpdateCheck = 2630;
				LastUpgradeCheck = 2630;
				TargetAttributes = {
					8B7D9B6F2F545AD3006A4CFD = {
						CreatedOnToolsVersion = 26.3;
					};
				};
			};
			buildConfigurationList = 8B7D9B6B2F545AD3006A4CFD /* Build configuration list for PBXProject "NutriPlan" */;
			developmentRegion = en;
			hasScannedForEncodings = 0;
			knownRegions = (
				en,
				Base,
			);
			mainGroup = 8B7D9B672F545AD3006A4CFD;
			minimizedProjectReferenceProxies = 1;
			preferredProjectObjectVersion = 77;
			productRefGroup = 8B7D9B712F545AD3006A4CFD /* Products */;
			projectDirPath = "";
			projectRoot = "";
			targets = (
				8B7D9B6F2F545AD3006A4CFD /* NutriPlan */,
			);
		};
/* End PBXProject section */

/* Begin PBXResourcesBuildPhase section */
		8B7D9B6E2F545AD3006A4CFD /* Resources */ = {
			isa = PBXResourcesBuildPhase;
			buildActionMask = 2147483647;
			files = (
				8B0B9E5A2F8954C100B41AE7 /* foods.json in Resources */,
				8B0B9E5B2F8954C100B41AE7 /* recipes.json in Resources */,
				8B94CA452F54778A000CB887 /* Assets.xcassets in Resources */,
			);
			runOnlyForDeploymentPostprocessing = 0;
		};
/* End PBXResourcesBuildPhase section */

/* Begin PBXSourcesBuildPhase section */
		8B7D9B6C2F545AD3006A4CFD /* Sources */ = {
			isa = PBXSourcesBuildPhase;
			buildActionMask = 2147483647;
			files = (
				8B94CA512F547D1E000CB887 /* NutritionCalculator.swift in Sources */,
				8B0B9DF72F65C09700B41AE7 /* RootView.swift in Sources */,
				8B0B9E3C2F82C90F00B41AE7 /* RecipeIngredientCard.swift in Sources */,
				8B0B9E282F82B06000B41AE7 /* InfoValueRow.swift in Sources */,
				8B94CA6C2F5495EB000CB887 /* RecipeDetailView.swift in Sources */,
				8B94CA4B2F547C8B000CB887 /* Macros.swift in Sources */,
				8B0B9E032F65CAD900B41AE7 /* MealPlanBuilder.swift in Sources */,
				8B0B9E4C2F82F0F300B41AE7 /* RecipeScorer.swift in Sources */,
				8B0B9DF32F65BE4200B41AE7 /* GoalCalculator.swift in Sources */,
				8B0B9E4E2F82FE9C00B41AE7 /* DayPlanOptimizer.swift in Sources */,
				8B94CA5F2F548720000CB887 /* ShoppingItem.swift in Sources */,
				8B0B9E072F65D4E000B41AE7 /* DiaryDay.swift in Sources */,
				8B94CA432F54778A000CB887 /* ContentView.swift in Sources */,
				8B0B9E352F82C41600B41AE7 /* ShoppingProgressCard.swift in Sources */,
				8B94CA4D2F547CB6000CB887 /* Food.swift in Sources */,
				8B0B9DFD2F65CA7600B41AE7 /* MealType.swift in Sources */,
				8B0B9E432F82D53600B41AE7 /* ComparisonMetricCard.swift in Sources */,
				8B0B9E3E2F82C94B00B41AE7 /* SubstitutionCandidateCard.swift in Sources */,
				8B0B9E182F66053A00B41AE7 /* NutrientFocus.swift in Sources */,
				8B0B9E312F82B60500B41AE7 /* PlanSessionStore.swift in Sources */,
				8B94CA572F547DEE000CB887 /* RecipeRepository.swift in Sources */,
				8B94CA682F5491D4000CB887 /* SubstitutionEngine.swift in Sources */,
				8B0B9E3A2F82C8AB00B41AE7 /* RecipeSummaryGrid.swift in Sources */,
				8B94CA5D2F548308000CB887 /* PlanViewModel.swift in Sources */,
				8B0B9E262F82B03C00B41AE7 /* AppCard.swift in Sources */,
				8B0B9DF12F65BE1000B41AE7 /* NutritionGoal.swift in Sources */,
				8B0B9E522F894CC400B41AE7 /* BundleJSONLoader.swift in Sources */,
				8B0B9E012F65CAC000B41AE7 /* DayPlan.swift in Sources */,
				8B0B9E372F82C49700B41AE7 /* ShoppingItemRow.swift in Sources */,
				8B0B9E482F82E7C800B41AE7 /* PlanViewModel+IngredientPortion.swift in Sources */,
				8B94CA6A2F5495B1000CB887 /* SubstitutionPickerView.swift in Sources */,
				8B0B9E4A2F82E85C00B41AE7 /* IngredientPortionControl.swift in Sources */,
				8B94CA592F547E11000CB887 /* InMemoryFoodRepository.swift in Sources */,
				8B0B9E502F894C9500B41AE7 /* FoodGroupOption.swift in Sources */,
				8B0B9E462F82D59400B41AE7 /* DiaryEntryCard.swift in Sources */,
				8B94CA4F2F547CDA000CB887 /* Recipe.swift in Sources */,
				8B0B9E1A2F82ABA900B41AE7 /* MainTabView.swift in Sources */,
				8B0B9E2A2F82B09A00B41AE7 /* SectionTitleView.swift in Sources */,
				8B0B9DFF2F65CA9A00B41AE7 /* PlannedMeal.swift in Sources */,
				8B94CA632F548778000CB887 /* ShoppingListView.swift in Sources */,
				8B0B9E1F2F82AC5800B41AE7 /* PlanView.swift in Sources */,
				8B0B9E052F65D4B600B41AE7 /* ConsumedFoodEntry.swift in Sources */,
				8B0B9E0D2F65DFD000B41AE7 /* PlanComparison.swift in Sources */,
				8B94CA442F54778A000CB887 /* NutriPlanApp.swift in Sources */,
				8B0B9DEF2F65BDE800B41AE7 /* UserProfile.swift in Sources */,
				8B0B9DFB2F65C1C700B41AE7 /* OnboardingView.swift in Sources */,
				8B0B9DF52F65C03D00B41AE7 /* AppState.swift in Sources */,
				8B0B9DF92F65C0DC00B41AE7 /* OnboardingViewModel.swift in Sources */,
				8B94CA5B2F547E55000CB887 /* InMemoryRecipeRepository.swift in Sources */,
				8B0B9E402F82D4E200B41AE7 /* ProgressStrip.swift in Sources */,
				8B0B9E2E2F82B11B00B41AE7 /* StatPill.swift in Sources */,
				8B0B9E2C2F82B0CF00B41AE7 /* QuickActionTile.swift in Sources */,
				8B0B9E142F65FB0D00B41AE7 /* PlanAdjustment.swift in Sources */,
				8B0B9E0F2F65DFFC00B41AE7 /* PlanComparisonService.swift in Sources */,
				8B94CA612F548743000CB887 /* ShoppingListBuilder.swift in Sources */,
				8B0B9E332F82C3F300B41AE7 /* ShoppingFilter.swift in Sources */,
				8B94CA492F547C30000CB887 /* Nutrient.swift in Sources */,
				8B0B9E162F65FB9C00B41AE7 /* PlanAdjuster.swift in Sources */,
				8B0B9E092F65D5DA00B41AE7 /* DiaryView.swift in Sources */,
				8B0B9E122F65E0FC00B41AE7 /* PlanComparisonView.swift in Sources */,
				8B0B9E1D2F82AC2500B41AE7 /* TodayView.swift in Sources */,
				8B0B9E222F82AD4400B41AE7 /* ProfileView.swift in Sources */,
				8B94CA552F547DCB000CB887 /* FoodRepository.swift in Sources */,
			);
			runOnlyForDeploymentPostprocessing = 0;
		};
/* End PBXSourcesBuildPhase section */

/* Begin XCBuildConfiguration section */
		8B7D9B792F545AD3006A4CFD /* Debug */ = {
			isa = XCBuildConfiguration;
			buildSettings = {
				ALWAYS_SEARCH_USER_PATHS = NO;
				ASSETCATALOG_COMPILER_GENERATE_SWIFT_ASSET_SYMBOL_EXTENSIONS = YES;
				CLANG_ANALYZER_NONNULL = YES;
				CLANG_ANALYZER_NUMBER_OBJECT_CONVERSION = YES_AGGRESSIVE;
				CLANG_CXX_LANGUAGE_STANDARD = "gnu++20";
				CLANG_ENABLE_MODULES = YES;
				CLANG_ENABLE_OBJC_ARC = YES;
				CLANG_ENABLE_OBJC_WEAK = YES;
				CLANG_WARN_BLOCK_CAPTURE_AUTORELEASING = YES;
				CLANG_WARN_BOOL_CONVERSION = YES;
				CLANG_WARN_COMMA = YES;
				CLANG_WARN_CONSTANT_CONVERSION = YES;
				CLANG_WARN_DEPRECATED_OBJC_IMPLEMENTATIONS = YES;
				CLANG_WARN_DIRECT_OBJC_ISA_USAGE = YES_ERROR;
				CLANG_WARN_DOCUMENTATION_COMMENTS = YES;
				CLANG_WARN_EMPTY_BODY = YES;
				CLANG_WARN_ENUM_CONVERSION = YES;
				CLANG_WARN_INFINITE_RECURSION = YES;
				CLANG_WARN_INT_CONVERSION = YES;
				CLANG_WARN_NON_LITERAL_NULL_CONVERSION = YES;
				CLANG_WARN_OBJC_IMPLICIT_RETAIN_SELF = YES;
				CLANG_WARN_OBJC_LITERAL_CONVERSION = YES;
				CLANG_WARN_OBJC_ROOT_CLASS = YES_ERROR;
				CLANG_WARN_QUOTED_INCLUDE_IN_FRAMEWORK_HEADER = YES;
				CLANG_WARN_RANGE_LOOP_ANALYSIS = YES;
				CLANG_WARN_STRICT_PROTOTYPES = YES;
				CLANG_WARN_SUSPICIOUS_MOVE = YES;
				CLANG_WARN_UNGUARDED_AVAILABILITY = YES_AGGRESSIVE;
				CLANG_WARN_UNREACHABLE_CODE = YES;
				CLANG_WARN__DUPLICATE_METHOD_MATCH = YES;
				COPY_PHASE_STRIP = NO;
				DEBUG_INFORMATION_FORMAT = dwarf;
				ENABLE_STRICT_OBJC_MSGSEND = YES;
				ENABLE_TESTABILITY = YES;
				ENABLE_USER_SCRIPT_SANDBOXING = YES;
				GCC_C_LANGUAGE_STANDARD = gnu17;
				GCC_DYNAMIC_NO_PIC = NO;
				GCC_NO_COMMON_BLOCKS = YES;
				GCC_OPTIMIZATION_LEVEL = 0;
				GCC_PREPROCESSOR_DEFINITIONS = (
					"DEBUG=1",
					"$(inherited)",
				);
				GCC_WARN_64_TO_32_BIT_CONVERSION = YES;
				GCC_WARN_ABOUT_RETURN_TYPE = YES_ERROR;
				GCC_WARN_UNDECLARED_SELECTOR = YES;
				GCC_WARN_UNINITIALIZED_AUTOS = YES_AGGRESSIVE;
				GCC_WARN_UNUSED_FUNCTION = YES;
				GCC_WARN_UNUSED_VARIABLE = YES;
				IPHONEOS_DEPLOYMENT_TARGET = 26.2;
				LOCALIZATION_PREFERS_STRING_CATALOGS = YES;
				MTL_ENABLE_DEBUG_INFO = INCLUDE_SOURCE;
				MTL_FAST_MATH = YES;
				ONLY_ACTIVE_ARCH = YES;
				SDKROOT = iphoneos;
				SWIFT_ACTIVE_COMPILATION_CONDITIONS = "DEBUG $(inherited)";
				SWIFT_OPTIMIZATION_LEVEL = "-Onone";
			};
			name = Debug;
		};
		8B7D9B7A2F545AD3006A4CFD /* Release */ = {
			isa = XCBuildConfiguration;
			buildSettings = {
				ALWAYS_SEARCH_USER_PATHS = NO;
				ASSETCATALOG_COMPILER_GENERATE_SWIFT_ASSET_SYMBOL_EXTENSIONS = YES;
				CLANG_ANALYZER_NONNULL = YES;
				CLANG_ANALYZER_NUMBER_OBJECT_CONVERSION = YES_AGGRESSIVE;
				CLANG_CXX_LANGUAGE_STANDARD = "gnu++20";
				CLANG_ENABLE_MODULES = YES;
				CLANG_ENABLE_OBJC_ARC = YES;
				CLANG_ENABLE_OBJC_WEAK = YES;
				CLANG_WARN_BLOCK_CAPTURE_AUTORELEASING = YES;
				CLANG_WARN_BOOL_CONVERSION = YES;
				CLANG_WARN_COMMA = YES;
				CLANG_WARN_CONSTANT_CONVERSION = YES;
				CLANG_WARN_DEPRECATED_OBJC_IMPLEMENTATIONS = YES;
				CLANG_WARN_DIRECT_OBJC_ISA_USAGE = YES_ERROR;
				CLANG_WARN_DOCUMENTATION_COMMENTS = YES;
				CLANG_WARN_EMPTY_BODY = YES;
				CLANG_WARN_ENUM_CONVERSION = YES;
				CLANG_WARN_INFINITE_RECURSION = YES;
				CLANG_WARN_INT_CONVERSION = YES;
				CLANG_WARN_NON_LITERAL_NULL_CONVERSION = YES;
				CLANG_WARN_OBJC_IMPLICIT_RETAIN_SELF = YES;
				CLANG_WARN_OBJC_LITERAL_CONVERSION = YES;
				CLANG_WARN_OBJC_ROOT_CLASS = YES_ERROR;
				CLANG_WARN_QUOTED_INCLUDE_IN_FRAMEWORK_HEADER = YES;
				CLANG_WARN_RANGE_LOOP_ANALYSIS = YES;
				CLANG_WARN_STRICT_PROTOTYPES = YES;
				CLANG_WARN_SUSPICIOUS_MOVE = YES;
				CLANG_WARN_UNGUARDED_AVAILABILITY = YES_AGGRESSIVE;
				CLANG_WARN_UNREACHABLE_CODE = YES;
				CLANG_WARN__DUPLICATE_METHOD_MATCH = YES;
				COPY_PHASE_STRIP = NO;
				DEBUG_INFORMATION_FORMAT = "dwarf-with-dsym";
				ENABLE_NS_ASSERTIONS = NO;
				ENABLE_STRICT_OBJC_MSGSEND = YES;
				ENABLE_USER_SCRIPT_SANDBOXING = YES;
				GCC_C_LANGUAGE_STANDARD = gnu17;
				GCC_NO_COMMON_BLOCKS = YES;
				GCC_WARN_64_TO_32_BIT_CONVERSION = YES;
				GCC_WARN_ABOUT_RETURN_TYPE = YES_ERROR;
				GCC_WARN_UNDECLARED_SELECTOR = YES;
				GCC_WARN_UNINITIALIZED_AUTOS = YES_AGGRESSIVE;
				GCC_WARN_UNUSED_FUNCTION = YES;
				GCC_WARN_UNUSED_VARIABLE = YES;
				IPHONEOS_DEPLOYMENT_TARGET = 26.2;
				LOCALIZATION_PREFERS_STRING_CATALOGS = YES;
				MTL_ENABLE_DEBUG_INFO = NO;
				MTL_FAST_MATH = YES;
				SDKROOT = iphoneos;
				SWIFT_COMPILATION_MODE = wholemodule;
				VALIDATE_PRODUCT = YES;
			};
			name = Release;
		};
		8B7D9B7C2F545AD3006A4CFD /* Debug */ = {
			isa = XCBuildConfiguration;
			buildSettings = {
				ASSETCATALOG_COMPILER_APPICON_NAME = AppIcon;
				ASSETCATALOG_COMPILER_GLOBAL_ACCENT_COLOR_NAME = AccentColor;
				CODE_SIGN_STYLE = Automatic;
				CURRENT_PROJECT_VERSION = 1;
				DEVELOPMENT_TEAM = 3Z4TN3B83Y;
				ENABLE_PREVIEWS = YES;
				GENERATE_INFOPLIST_FILE = YES;
				INFOPLIST_KEY_UIApplicationSceneManifest_Generation = YES;
				INFOPLIST_KEY_UIApplicationSupportsIndirectInputEvents = YES;
				INFOPLIST_KEY_UILaunchScreen_Generation = YES;
				INFOPLIST_KEY_UISupportedInterfaceOrientations_iPad = "UIInterfaceOrientationPortrait UIInterfaceOrientationPortraitUpsideDown UIInterfaceOrientationLandscapeLeft UIInterfaceOrientationLandscapeRight";
				INFOPLIST_KEY_UISupportedInterfaceOrientations_iPhone = "UIInterfaceOrientationPortrait UIInterfaceOrientationLandscapeLeft UIInterfaceOrientationLandscapeRight";
				LD_RUNPATH_SEARCH_PATHS = (
					"$(inherited)",
					"@executable_path/Frameworks",
				);
				MARKETING_VERSION = 1.0;
				PRODUCT_BUNDLE_IDENTIFIER = com.r1nzu.nutriplan;
				PRODUCT_NAME = "$(TARGET_NAME)";
				STRING_CATALOG_GENERATE_SYMBOLS = YES;
				SWIFT_APPROACHABLE_CONCURRENCY = YES;
				SWIFT_DEFAULT_ACTOR_ISOLATION = MainActor;
				SWIFT_EMIT_LOC_STRINGS = YES;
				SWIFT_UPCOMING_FEATURE_MEMBER_IMPORT_VISIBILITY = YES;
				SWIFT_VERSION = 5.0;
				TARGETED_DEVICE_FAMILY = "1,2";
			};
			name = Debug;
		};
		8B7D9B7D2F545AD3006A4CFD /* Release */ = {
			isa = XCBuildConfiguration;
			buildSettings = {
				ASSETCATALOG_COMPILER_APPICON_NAME = AppIcon;
				ASSETCATALOG_COMPILER_GLOBAL_ACCENT_COLOR_NAME = AccentColor;
				CODE_SIGN_STYLE = Automatic;
				CURRENT_PROJECT_VERSION = 1;
				DEVELOPMENT_TEAM = 3Z4TN3B83Y;
				ENABLE_PREVIEWS = YES;
				GENERATE_INFOPLIST_FILE = YES;
				INFOPLIST_KEY_UIApplicationSceneManifest_Generation = YES;
				INFOPLIST_KEY_UIApplicationSupportsIndirectInputEvents = YES;
				INFOPLIST_KEY_UILaunchScreen_Generation = YES;
				INFOPLIST_KEY_UISupportedInterfaceOrientations_iPad = "UIInterfaceOrientationPortrait UIInterfaceOrientationPortraitUpsideDown UIInterfaceOrientationLandscapeLeft UIInterfaceOrientationLandscapeRight";
				INFOPLIST_KEY_UISupportedInterfaceOrientations_iPhone = "UIInterfaceOrientationPortrait UIInterfaceOrientationLandscapeLeft UIInterfaceOrientationLandscapeRight";
				LD_RUNPATH_SEARCH_PATHS = (
					"$(inherited)",
					"@executable_path/Frameworks",
				);
				MARKETING_VERSION = 1.0;
				PRODUCT_BUNDLE_IDENTIFIER = com.r1nzu.nutriplan;
				PRODUCT_NAME = "$(TARGET_NAME)";
				STRING_CATALOG_GENERATE_SYMBOLS = YES;
				SWIFT_APPROACHABLE_CONCURRENCY = YES;
				SWIFT_DEFAULT_ACTOR_ISOLATION = MainActor;
				SWIFT_EMIT_LOC_STRINGS = YES;
				SWIFT_UPCOMING_FEATURE_MEMBER_IMPORT_VISIBILITY = YES;
				SWIFT_VERSION = 5.0;
				TARGETED_DEVICE_FAMILY = "1,2";
			};
			name = Release;
		};
/* End XCBuildConfiguration section */

/* Begin XCConfigurationList section */
		8B7D9B6B2F545AD3006A4CFD /* Build configuration list for PBXProject "NutriPlan" */ = {
			isa = XCConfigurationList;
			buildConfigurations = (
				8B7D9B792F545AD3006A4CFD /* Debug */,
				8B7D9B7A2F545AD3006A4CFD /* Release */,
			);
			defaultConfigurationIsVisible = 0;
			defaultConfigurationName = Release;
		};
		8B7D9B7B2F545AD3006A4CFD /* Build configuration list for PBXNativeTarget "NutriPlan" */ = {
			isa = XCConfigurationList;
			buildConfigurations = (
				8B7D9B7C2F545AD3006A4CFD /* Debug */,
				8B7D9B7D2F545AD3006A4CFD /* Release */,
			);
			defaultConfigurationIsVisible = 0;
			defaultConfigurationName = Release;
		};
/* End XCConfigurationList section */
	};
	rootObject = 8B7D9B682F545AD3006A4CFD /* Project object */;
}
